PODS:
  - Alamofire (4.9.1)
  - Decodable (0.6.0)
  - EnGareNetworkStack (0.1.7):
    - Alamofire (~> 4.0)
    - KeychainAccess (~> 3.1)
    - RxSwift (~> 5.0)
  - KeychainAccess (3.2.1)
  - OHHTTPStubs (6.0.0):
    - OHHTTPStubs/Default (= 6.0.0)
  - OHHTTPStubs/Core (6.0.0)
  - OHHTTPStubs/Default (6.0.0):
    - OHHTTPStubs/Core
    - OHHTTPStubs/JSON
    - OHHTTPStubs/NSURLSession
    - OHHTTPStubs/OHPathHelpers
  - OHHTTPStubs/JSON (6.0.0):
    - OHHTTPStubs/Core
  - OHHTTPStubs/NSURLSession (6.0.0):
    - OHHTTPStubs/Core
  - OHHTTPStubs/OHPathHelpers (6.0.0)
  - OHHTTPStubs/Swift (6.0.0):
    - OHHTTPStubs/Default
  - RxSwift (5.1.1)

DEPENDENCIES:
  - Decodable
  - EnGareNetworkStack (from `../../`)
  - OHHTTPStubs
  - OHHTTPStubs/Swift
  - RxSwift

SPEC REPOS:
  https://github.com/CocoaPods/Specs.git:
    - Alamofire
    - Decodable
    - KeychainAccess
    - OHHTTPStubs
    - RxSwift

EXTERNAL SOURCES:
  EnGareNetworkStack:
    :path: "../../"

SPEC CHECKSUMS:
  Alamofire: 85e8a02c69d6020a0d734f6054870d7ecb75cf18
  Decodable: f0b95fa2fcf8633dd097aa8f7f09838ab3524f5d
  EnGareNetworkStack: 23a9b60f65b589d2cd03c8499dc144faaf082f08
  KeychainAccess: d5470352939ced6d6f7fb51cb2e67aae51fc294f
  OHHTTPStubs: 752f9b11fd810a15162d50f11c06ff94f8e012eb
  RxSwift: 81470a2074fa8780320ea5fe4102807cb7118178

PODFILE CHECKSUM: be5f9ab7a89f9c160c5f71d9c69f53219df7acf4

COCOAPODS: 1.8.1
